Microsoft Visual Studio Solution File, Format Version 12.00
# Visual Studio Version 17
VisualStudioVersion = 17.5.2.0
MinimumVisualStudioVersion = 10.0.40219.1
Project("{FAE04EC0-301F-11D3-BF4B-00C04F79EFBC}") = "A2AAgentDotNet", "A2AAgentDotNet.csproj", "{7A611F61-61F6-3FE2-8D6E-A452F83B3095}"
EndProject
Global
	GlobalSection(SolutionConfigurationPlatforms) = preSolution
		Debug|Any CPU = Debug|Any CPU
		Release|Any CPU = Release|Any CPU
	EndGlobalSection
	GlobalSection(ProjectConfigurationPlatforms) = postSolution
		{7A611F61-61F6-3FE2-8D6E-A452F83B3095}.Debug|Any CPU.ActiveCfg = Debug|Any CPU
		{7A611F61-61F6-3FE2-8D6E-A452F83B3095}.Debug|Any CPU.Build.0 = Debug|Any CPU
		{7A611F61-61F6-3FE2-8D6E-A452F83B3095}.Release|Any CPU.ActiveCfg = Release|Any CPU
		{7A611F61-61F6-3FE2-8D6E-A452F83B3095}.Release|Any CPU.Build.0 = Release|Any CPU
	EndGlobalSection
	GlobalSection(SolutionProperties) = preSolution
		HideSolutionNode = FALSE
	EndGlobalSection
	GlobalSection(ExtensibilityGlobals) = postSolution
		SolutionGuid = {46F2D836-07BC-4A2E-9258-49F2771581D6}
	EndGlobalSection
EndGlobal
